
Microsoft Visual Studio Solution File, Format Version 12.00
# Visual Studio Version 16
VisualStudioVersion = 16.6.30114.105
MinimumVisualStudioVersion = 10.0.40219.1
Project("{2150E333-8FDC-42A3-9474-1A3956D46DE8}") = "src", "src", "{028F5B53-560F-4B8D-88E1-3FA63F780883}"
EndProject
Project("{FAE04EC0-301F-11D3-BF4B-00C04F79EFBC}") = "Manager.Domain", "src\2 - Manager.Domain\Manager.Domain.csproj", "{71800E57-E60B-42EE-8BB4-DD974F5A34CC}"
EndProject
Project("{FAE04EC0-301F-11D3-BF4B-00C04F79EFBC}") = "Manager.Services", "src\3 - Manager.Services\Manager.Services.csproj", "{C1D0B8AC-C4CD-4975-9C07-838AECBE3E46}"
EndProject
Project("{FAE04EC0-301F-11D3-BF4B-00C04F79EFBC}") = "Manager.Infra", "src\4 - Manager.Infra\Manager.Infra.csproj", "{BD498554-D0A8-44CC-8B63-33D8AA204854}"
EndProject
Project("{FAE04EC0-301F-11D3-BF4B-00C04F79EFBC}") = "Manager.Core", "src\5 - Manager.Core\Manager.Core.csproj", "{4C28C81D-2D96-4764-BCC7-8827ED5F8AAA}"
EndProject
Project("{FAE04EC0-301F-11D3-BF4B-00C04F79EFBC}") = "Manager.API", "src\1 - Manager.API\Manager.API.csproj", "{B44DF0EC-FD43-4DF2-9A62-0535C64F9B74}"
EndProject
Global
	GlobalSection(SolutionConfigurationPlatforms) = preSolution
		Debug|Any CPU = Debug|Any CPU
		Debug|x64 = Debug|x64
		Debug|x86 = Debug|x86
		Release|Any CPU = Release|Any CPU
		Release|x64 = Release|x64
		Release|x86 = Release|x86
	EndGlobalSection
	GlobalSection(SolutionProperties) = preSolution
		HideSolutionNode = FALSE
	EndGlobalSection
	GlobalSection(ProjectConfigurationPlatforms) = postSolution
		{71800E57-E60B-42EE-8BB4-DD974F5A34CC}.Debug|Any CPU.ActiveCfg = Debug|Any CPU
		{71800E57-E60B-42EE-8BB4-DD974F5A34CC}.Debug|Any CPU.Build.0 = Debug|Any CPU
		{71800E57-E60B-42EE-8BB4-DD974F5A34CC}.Debug|x64.ActiveCfg = Debug|Any CPU
		{71800E57-E60B-42EE-8BB4-DD974F5A34CC}.Debug|x64.Build.0 = Debug|Any CPU
		{71800E57-E60B-42EE-8BB4-DD974F5A34CC}.Debug|x86.ActiveCfg = Debug|Any CPU
		{71800E57-E60B-42EE-8BB4-DD974F5A34CC}.Debug|x86.Build.0 = Debug|Any CPU
		{71800E57-E60B-42EE-8BB4-DD974F5A34CC}.Release|Any CPU.ActiveCfg = Release|Any CPU
		{71800E57-E60B-42EE-8BB4-DD974F5A34CC}.Release|Any CPU.Build.0 = Release|Any CPU
		{71800E57-E60B-42EE-8BB4-DD974F5A34CC}.Release|x64.ActiveCfg = Release|Any CPU
		{71800E57-E60B-42EE-8BB4-DD974F5A34CC}.Release|x64.Build.0 = Release|Any CPU
		{71800E57-E60B-42EE-8BB4-DD974F5A34CC}.Release|x86.ActiveCfg = Release|Any CPU
		{71800E57-E60B-42EE-8BB4-DD974F5A34CC}.Release|x86.Build.0 = Release|Any CPU
		{C1D0B8AC-C4CD-4975-9C07-838AECBE3E46}.Debug|Any CPU.ActiveCfg = Debug|Any CPU
		{C1D0B8AC-C4CD-4975-9C07-838AECBE3E46}.Debug|Any CPU.Build.0 = Debug|Any CPU
		{C1D0B8AC-C4CD-4975-9C07-838AECBE3E46}.Debug|x64.ActiveCfg = Debug|Any CPU
		{C1D0B8AC-C4CD-4975-9C07-838AECBE3E46}.Debug|x64.Build.0 = Debug|Any CPU
		{C1D0B8AC-C4CD-4975-9C07-838AECBE3E46}.Debug|x86.ActiveCfg = Debug|Any CPU
		{C1D0B8AC-C4CD-4975-9C07-838AECBE3E46}.Debug|x86.Build.0 = Debug|Any CPU
		{C1D0B8AC-C4CD-4975-9C07-838AECBE3E46}.Release|Any CPU.ActiveCfg = Release|Any CPU
		{C1D0B8AC-C4CD-4975-9C07-838AECBE3E46}.Release|Any CPU.Build.0 = Release|Any CPU
		{C1D0B8AC-C4CD-4975-9C07-838AECBE3E46}.Release|x64.ActiveCfg = Release|Any CPU
		{C1D0B8AC-C4CD-4975-9C07-838AECBE3E46}.Release|x64.Build.0 = Release|Any CPU
		{C1D0B8AC-C4CD-4975-9C07-838AECBE3E46}.Release|x86.ActiveCfg = Release|Any CPU
		{C1D0B8AC-C4CD-4975-9C07-838AECBE3E46}.Release|x86.Build.0 = Release|Any CPU
		{BD498554-D0A8-44CC-8B63-33D8AA204854}.Debug|Any CPU.ActiveCfg = Debug|Any CPU
		{BD498554-D0A8-44CC-8B63-33D8AA204854}.Debug|Any CPU.Build.0 = Debug|Any CPU
		{BD498554-D0A8-44CC-8B63-33D8AA204854}.Debug|x64.ActiveCfg = Debug|Any CPU
		{BD498554-D0A8-44CC-8B63-33D8AA204854}.Debug|x64.Build.0 = Debug|Any CPU
		{BD498554-D0A8-44CC-8B63-33D8AA204854}.Debug|x86.ActiveCfg = Debug|Any CPU
		{BD498554-D0A8-44CC-8B63-33D8AA204854}.Debug|x86.Build.0 = Debug|Any CPU
		{BD498554-D0A8-44CC-8B63-33D8AA204854}.Release|Any CPU.ActiveCfg = Release|Any CPU
		{BD498554-D0A8-44CC-8B63-33D8AA204854}.Release|Any CPU.Build.0 = Release|Any CPU
		{BD498554-D0A8-44CC-8B63-33D8AA204854}.Release|x64.ActiveCfg = Release|Any CPU
		{BD498554-D0A8-44CC-8B63-33D8AA204854}.Release|x64.Build.0 = Release|Any CPU
		{BD498554-D0A8-44CC-8B63-33D8AA204854}.Release|x86.ActiveCfg = Release|Any CPU
		{BD498554-D0A8-44CC-8B63-33D8AA204854}.Release|x86.Build.0 = Release|Any CPU
		{4C28C81D-2D96-4764-BCC7-8827ED5F8AAA}.Debug|Any CPU.ActiveCfg = Debug|Any CPU
		{4C28C81D-2D96-4764-BCC7-8827ED5F8AAA}.Debug|Any CPU.Build.0 = Debug|Any CPU
		{4C28C81D-2D96-4764-BCC7-8827ED5F8AAA}.Debug|x64.ActiveCfg = Debug|Any CPU
		{4C28C81D-2D96-4764-BCC7-8827ED5F8AAA}.Debug|x64.Build.0 = Debug|Any CPU
		{4C28C81D-2D96-4764-BCC7-8827ED5F8AAA}.Debug|x86.ActiveCfg = Debug|Any CPU
		{4C28C81D-2D96-4764-BCC7-8827ED5F8AAA}.Debug|x86.Build.0 = Debug|Any CPU
		{4C28C81D-2D96-4764-BCC7-8827ED5F8AAA}.Release|Any CPU.ActiveCfg = Release|Any CPU
		{4C28C81D-2D96-4764-BCC7-8827ED5F8AAA}.Release|Any CPU.Build.0 = Release|Any CPU
		{4C28C81D-2D96-4764-BCC7-8827ED5F8AAA}.Release|x64.ActiveCfg = Release|Any CPU
		{4C28C81D-2D96-4764-BCC7-8827ED5F8AAA}.Release|x64.Build.0 = Release|Any CPU
		{4C28C81D-2D96-4764-BCC7-8827ED5F8AAA}.Release|x86.ActiveCfg = Release|Any CPU
		{4C28C81D-2D96-4764-BCC7-8827ED5F8AAA}.Release|x86.Build.0 = Release|Any CPU
		{B44DF0EC-FD43-4DF2-9A62-0535C64F9B74}.Debug|Any CPU.ActiveCfg = Debug|Any CPU
		{B44DF0EC-FD43-4DF2-9A62-0535C64F9B74}.Debug|Any CPU.Build.0 = Debug|Any CPU
		{B44DF0EC-FD43-4DF2-9A62-0535C64F9B74}.Debug|x64.ActiveCfg = Debug|Any CPU
		{B44DF0EC-FD43-4DF2-9A62-0535C64F9B74}.Debug|x64.Build.0 = Debug|Any CPU
		{B44DF0EC-FD43-4DF2-9A62-0535C64F9B74}.Debug|x86.ActiveCfg = Debug|Any CPU
		{B44DF0EC-FD43-4DF2-9A62-0535C64F9B74}.Debug|x86.Build.0 = Debug|Any CPU
		{B44DF0EC-FD43-4DF2-9A62-0535C64F9B74}.Release|Any CPU.ActiveCfg = Release|Any CPU
		{B44DF0EC-FD43-4DF2-9A62-0535C64F9B74}.Release|Any CPU.Build.0 = Release|Any CPU
		{B44DF0EC-FD43-4DF2-9A62-0535C64F9B74}.Release|x64.ActiveCfg = Release|Any CPU
		{B44DF0EC-FD43-4DF2-9A62-0535C64F9B74}.Release|x64.Build.0 = Release|Any CPU
		{B44DF0EC-FD43-4DF2-9A62-0535C64F9B74}.Release|x86.ActiveCfg = Release|Any CPU
		{B44DF0EC-FD43-4DF2-9A62-0535C64F9B74}.Release|x86.Build.0 = Release|Any CPU
	EndGlobalSection
	GlobalSection(NestedProjects) = preSolution
		{71800E57-E60B-42EE-8BB4-DD974F5A34CC} = {028F5B53-560F-4B8D-88E1-3FA63F780883}
		{C1D0B8AC-C4CD-4975-9C07-838AECBE3E46} = {028F5B53-560F-4B8D-88E1-3FA63F780883}
		{BD498554-D0A8-44CC-8B63-33D8AA204854} = {028F5B53-560F-4B8D-88E1-3FA63F780883}
		{4C28C81D-2D96-4764-BCC7-8827ED5F8AAA} = {028F5B53-560F-4B8D-88E1-3FA63F780883}
		{B44DF0EC-FD43-4DF2-9A62-0535C64F9B74} = {028F5B53-560F-4B8D-88E1-3FA63F780883}
	EndGlobalSection
EndGlobal
